
Microsoft Visual Studio Solution File, Format Version 12.00
# Visual Studio 15
Project("{FAE04EC0-301F-11D3-BF4B-00C04F79EFBC}") = "PaySlipGenerator", "PaySlipGenerator.csproj", "{D43355B8-1CBA-4604-BEA8-F421B09EF43F}"
EndProject
Global
	GlobalSection(SolutionConfigurationPlatforms) = preSolution
		Debug|Any CPU = Debug|Any CPU
		Release|Any CPU = Release|Any CPU
	EndGlobalSection
	GlobalSection(ProjectConfigurationPlatforms) = postSolution
		{D43355B8-1CBA-4604-BEA8-F421B09EF43F}.Debug|Any CPU.ActiveCfg = Debug|Any CPU
		{D43355B8-1CBA-4604-BEA8-F421B09EF43F}.Debug|Any CPU.Build.0 = Debug|Any CPU
		{D43355B8-1CBA-4604-BEA8-F421B09EF43F}.Release|Any CPU.ActiveCfg = Release|Any CPU
		{D43355B8-1CBA-4604-BEA8-F421B09EF43F}.Release|Any CPU.Build.0 = Release|Any CPU
	EndGlobalSection
EndGlobal
